// !$*UTF8*$!
{
	archiveVersion = 1;
	classes = {
	};
	objectVersion = 56;
	objects = {

/* Begin PBXBuildFile section */
		5A93229AD7383AA5C7113B34 /* Pods_NotesTests.framework in Frameworks */ = {isa = PBXBuildFile; fileRef = 303D1268F3A97A7EAEB4AA7E /* Pods_NotesTests.framework */; };
		9D98B1482989BB100038261B /* AppDelegate.swift in Sources */ = {isa = PBXBuildFile; fileRef = 9D98B1472989BB100038261B /* AppDelegate.swift */; };
		9D98B14A2989BB100038261B /* SceneDelegate.swift in Sources */ = {isa = PBXBuildFile; fileRef = 9D98B1492989BB100038261B /* SceneDelegate.swift */; };
		9D98B14F2989BB100038261B /* Main.storyboard in Resources */ = {isa = PBXBuildFile; fileRef = 9D98B14D2989BB100038261B /* Main.storyboard */; };
		9D98B1542989BB120038261B /* Assets.xcassets in Resources */ = {isa = PBXBuildFile; fileRef = 9D98B1532989BB120038261B /* Assets.xcassets */; };
		9D98B1572989BB120038261B /* LaunchScreen.storyboard in Resources */ = {isa = PBXBuildFile; fileRef = 9D98B1552989BB120038261B /* LaunchScreen.storyboard */; };
		9D98B1622989BB120038261B /* NotesTests.swift in Sources */ = {isa = PBXBuildFile; fileRef = 9D98B1612989BB120038261B /* NotesTests.swift */; };
		9D98B16C2989BB120038261B /* NotesUITests.swift in Sources */ = {isa = PBXBuildFile; fileRef = 9D98B16B2989BB120038261B /* NotesUITests.swift */; };
		9D98B16E2989BB120038261B /* NotesUITestsLaunchTests.swift in Sources */ = {isa = PBXBuildFile; fileRef = 9D98B16D2989BB120038261B /* NotesUITestsLaunchTests.swift */; };
		9D9E9C4A299268F1002740DB /* Note.xcdatamodeld in Sources */ = {isa = PBXBuildFile; fileRef = 9D9E9C48299268F1002740DB /* Note.xcdatamodeld */; };
		9D9E9C4C299271F4002740DB /* DetailViewController.swift in Sources */ = {isa = PBXBuildFile; fileRef = 9D9E9C4B299271F4002740DB /* DetailViewController.swift */; };
		9D9E9C4E299273E6002740DB /* DetailViewModel.swift in Sources */ = {isa = PBXBuildFile; fileRef = 9D9E9C4D299273E6002740DB /* DetailViewModel.swift */; };
		9D9E9C50299276BE002740DB /* ImagePickerViewController.swift in Sources */ = {isa = PBXBuildFile; fileRef = 9D9E9C4F299276BE002740DB /* ImagePickerViewController.swift */; };
		9DCA65062991417A00930748 /* ImageService.swift in Sources */ = {isa = PBXBuildFile; fileRef = 9DCA65052991417A00930748 /* ImageService.swift */; };
		9DCA650929914AEC00930748 /* MainPageBuilder.swift in Sources */ = {isa = PBXBuildFile; fileRef = 9DCA650829914AEC00930748 /* MainPageBuilder.swift */; };
		9DCA650C2991525A00930748 /* MainPageRouter.swift in Sources */ = {isa = PBXBuildFile; fileRef = 9DCA650B2991525A00930748 /* MainPageRouter.swift */; };
		9DCA650E2992276C00930748 /* DataManager.swift in Sources */ = {isa = PBXBuildFile; fileRef = 9DCA650D2992276C00930748 /* DataManager.swift */; };
		9DCA6510299237EC00930748 /* NotesDataManager.swift in Sources */ = {isa = PBXBuildFile; fileRef = 9DCA650F299237EC00930748 /* NotesDataManager.swift */; };
		9DD719F4298A6C2E004328C5 /* NotesViewController.swift in Sources */ = {isa = PBXBuildFile; fileRef = 9DD719F3298A6C2E004328C5 /* NotesViewController.swift */; };
		9DD719F6298A6D68004328C5 /* Extensions.swift in Sources */ = {isa = PBXBuildFile; fileRef = 9DD719F5298A6D68004328C5 /* Extensions.swift */; };
		9DD719FA298A6F1A004328C5 /* NotesTableViewCell.swift in Sources */ = {isa = PBXBuildFile; fileRef = 9DD719F9298A6F1A004328C5 /* NotesTableViewCell.swift */; };
		9DD719FC298A9A76004328C5 /* NotesViewModel.swift in Sources */ = {isa = PBXBuildFile; fileRef = 9DD719FB298A9A76004328C5 /* NotesViewModel.swift */; };
		9DD719FE298AEB0F004328C5 /* NoteModel.swift in Sources */ = {isa = PBXBuildFile; fileRef = 9DD719FD298AEB0F004328C5 /* NoteModel.swift */; };
		9DD71A00298AFAC7004328C5 /* TextParameter.swift in Sources */ = {isa = PBXBuildFile; fileRef = 9DD719FF298AFAC7004328C5 /* TextParameter.swift */; };
		D9F3AEDC5CBA5178887FC59D /* Pods_Notes_NotesUITests.framework in Frameworks */ = {isa = PBXBuildFile; fileRef = EA395DC8BB0D2938AE36E9F5 /* Pods_Notes_NotesUITests.framework */; };
		F03E25026F0406CA31198FBD /* Pods_Notes.framework in Frameworks */ = {isa = PBXBuildFile; fileRef = 2EF24CC2B91706C0CE67C936 /* Pods_Notes.framework */; };
/* End PBXBuildFile section */

/* Begin PBXContainerItemProxy section */
		9D98B15E2989BB120038261B /* PBXContainerItemProxy */ = {
			isa = PBXContainerItemProxy;
			containerPortal = 9D98B13C2989BB100038261B /* Project object */;
			proxyType = 1;
			remoteGlobalIDString = 9D98B1432989BB100038261B;
			remoteInfo = Notes;
		};
		9D98B1682989BB120038261B /* PBXContainerItemProxy */ = {
			isa = PBXContainerItemProxy;
			containerPortal = 9D98B13C2989BB100038261B /* Project object */;
			proxyType = 1;
			remoteGlobalIDString = 9D98B1432989BB100038261B;
			remoteInfo = Notes;
		};
/* End PBXContainerItemProxy section */

/* Begin PBXFileReference section */
		288F5B82CA67A1F8CEF9E225 /* Pods-Notes.release.xcconfig */ = {isa = PBXFileReference; includeInIndex = 1; lastKnownFileType = text.xcconfig; name = "Pods-Notes.release.xcconfig"; path = "Target Support Files/Pods-Notes/Pods-Notes.release.xcconfig"; sourceTree = "<group>"; };
		2EF24CC2B91706C0CE67C936 /* Pods_Notes.framework */ = {isa = PBXFileReference; explicitFileType = wrapper.framework; includeInIndex = 0; path = Pods_Notes.framework; sourceTree = BUILT_PRODUCTS_DIR; };
		303D1268F3A97A7EAEB4AA7E /* Pods_NotesTests.framework */ = {isa = PBXFileReference; explicitFileType = wrapper.framework; includeInIndex = 0; path = Pods_NotesTests.framework; sourceTree = BUILT_PRODUCTS_DIR; };
		4A0B7AA62A553591CCCCFF08 /* Pods-Notes-NotesUITests.release.xcconfig */ = {isa = PBXFileReference; includeInIndex = 1; lastKnownFileType = text.xcconfig; name = "Pods-Notes-NotesUITests.release.xcconfig"; path = "Target Support Files/Pods-Notes-NotesUITests/Pods-Notes-NotesUITests.release.xcconfig"; sourceTree = "<group>"; };
		9D98B1442989BB100038261B /* Notes.app */ = {isa = PBXFileReference; explicitFileType = wrapper.application; includeInIndex = 0; path = Notes.app; sourceTree = BUILT_PRODUCTS_DIR; };
		9D98B1472989BB100038261B /* AppDelegate.swift */ = {isa = PBXFileReference; lastKnownFileType = sourcecode.swift; path = AppDelegate.swift; sourceTree = "<group>"; };
		9D98B1492989BB100038261B /* SceneDelegate.swift */ = {isa = PBXFileReference; lastKnownFileType = sourcecode.swift; path = SceneDelegate.swift; sourceTree = "<group>"; };
		9D98B14E2989BB100038261B /* Base */ = {isa = PBXFileReference; lastKnownFileType = file.storyboard; name = Base; path = Base.lproj/Main.storyboard; sourceTree = "<group>"; };
		9D98B1532989BB120038261B /* Assets.xcassets */ = {isa = PBXFileReference; lastKnownFileType = folder.assetcatalog; path = Assets.xcassets; sourceTree = "<group>"; };
		9D98B1562989BB120038261B /* Base */ = {isa = PBXFileReference; lastKnownFileType = file.storyboard; name = Base; path = Base.lproj/LaunchScreen.storyboard; sourceTree = "<group>"; };
		9D98B1582989BB120038261B /* Info.plist */ = {isa = PBXFileReference; lastKnownFileType = text.plist.xml; path = Info.plist; sourceTree = "<group>"; };
		9D98B15D2989BB120038261B /* NotesTests.xctest */ = {isa = PBXFileReference; explicitFileType = wrapper.cfbundle; includeInIndex = 0; path = NotesTests.xctest; sourceTree = BUILT_PRODUCTS_DIR; };
		9D98B1612989BB120038261B /* NotesTests.swift */ = {isa = PBXFileReference; lastKnownFileType = sourcecode.swift; path = NotesTests.swift; sourceTree = "<group>"; };
		9D98B1672989BB120038261B /* NotesUITests.xctest */ = {isa = PBXFileReference; explicitFileType = wrapper.cfbundle; includeInIndex = 0; path = NotesUITests.xctest; sourceTree = BUILT_PRODUCTS_DIR; };
		9D98B16B2989BB120038261B /* NotesUITests.swift */ = {isa = PBXFileReference; lastKnownFileType = sourcecode.swift; path = NotesUITests.swift; sourceTree = "<group>"; };
		9D98B16D2989BB120038261B /* NotesUITestsLaunchTests.swift */ = {isa = PBXFileReference; lastKnownFileType = sourcecode.swift; path = NotesUITestsLaunchTests.swift; sourceTree = "<group>"; };
		9D9E9C49299268F1002740DB /* Note.xcdatamodel */ = {isa = PBXFileReference; lastKnownFileType = wrapper.xcdatamodel; path = Note.xcdatamodel; sourceTree = "<group>"; };
		9D9E9C4B299271F4002740DB /* DetailViewController.swift */ = {isa = PBXFileReference; lastKnownFileType = sourcecode.swift; path = DetailViewController.swift; sourceTree = "<group>"; };
		9D9E9C4D299273E6002740DB /* DetailViewModel.swift */ = {isa = PBXFileReference; lastKnownFileType = sourcecode.swift; path = DetailViewModel.swift; sourceTree = "<group>"; };
		9D9E9C4F299276BE002740DB /* ImagePickerViewController.swift */ = {isa = PBXFileReference; lastKnownFileType = sourcecode.swift; path = ImagePickerViewController.swift; sourceTree = "<group>"; };
		9DCA65052991417A00930748 /* ImageService.swift */ = {isa = PBXFileReference; lastKnownFileType = sourcecode.swift; path = ImageService.swift; sourceTree = "<group>"; };
		9DCA650829914AEC00930748 /* MainPageBuilder.swift */ = {isa = PBXFileReference; lastKnownFileType = sourcecode.swift; path = MainPageBuilder.swift; sourceTree = "<group>"; };
		9DCA650B2991525A00930748 /* MainPageRouter.swift */ = {isa = PBXFileReference; lastKnownFileType = sourcecode.swift; path = MainPageRouter.swift; sourceTree = "<group>"; };
		9DCA650D2992276C00930748 /* DataManager.swift */ = {isa = PBXFileReference; lastKnownFileType = sourcecode.swift; path = DataManager.swift; sourceTree = "<group>"; };
		9DCA650F299237EC00930748 /* NotesDataManager.swift */ = {isa = PBXFileReference; lastKnownFileType = sourcecode.swift; path = NotesDataManager.swift; sourceTree = "<group>"; };
		9DD719F3298A6C2E004328C5 /* NotesViewController.swift */ = {isa = PBXFileReference; lastKnownFileType = sourcecode.swift; path = NotesViewController.swift; sourceTree = "<group>"; };
		9DD719F5298A6D68004328C5 /* Extensions.swift */ = {isa = PBXFileReference; lastKnownFileType = sourcecode.swift; path = Extensions.swift; sourceTree = "<group>"; };
		9DD719F9298A6F1A004328C5 /* NotesTableViewCell.swift */ = {isa = PBXFileReference; lastKnownFileType = sourcecode.swift; path = NotesTableViewCell.swift; sourceTree = "<group>"; };
		9DD719FB298A9A76004328C5 /* NotesViewModel.swift */ = {isa = PBXFileReference; lastKnownFileType = sourcecode.swift; path = NotesViewModel.swift; sourceTree = "<group>"; };
		9DD719FD298AEB0F004328C5 /* NoteModel.swift */ = {isa = PBXFileReference; lastKnownFileType = sourcecode.swift; path = NoteModel.swift; sourceTree = "<group>"; };
		9DD719FF298AFAC7004328C5 /* TextParameter.swift */ = {isa = PBXFileReference; lastKnownFileType = sourcecode.swift; path = TextParameter.swift; sourceTree = "<group>"; };
		A07D44FA025518397BBBB4FE /* Pods-NotesTests.release.xcconfig */ = {isa = PBXFileReference; includeInIndex = 1; lastKnownFileType = text.xcconfig; name = "Pods-NotesTests.release.xcconfig"; path = "Target Support Files/Pods-NotesTests/Pods-NotesTests.release.xcconfig"; sourceTree = "<group>"; };
		A2CAA4E4078C6FB30BD24B52 /* Pods-Notes-NotesUITests.debug.xcconfig */ = {isa = PBXFileReference; includeInIndex = 1; lastKnownFileType = text.xcconfig; name = "Pods-Notes-NotesUITests.debug.xcconfig"; path = "Target Support Files/Pods-Notes-NotesUITests/Pods-Notes-NotesUITests.debug.xcconfig"; sourceTree = "<group>"; };
		EA395DC8BB0D2938AE36E9F5 /* Pods_Notes_NotesUITests.framework */ = {isa = PBXFileReference; explicitFileType = wrapper.framework; includeInIndex = 0; path = Pods_Notes_NotesUITests.framework; sourceTree = BUILT_PRODUCTS_DIR; };
		F560891C6BDE969C1CF88F75 /* Pods-NotesTests.debug.xcconfig */ = {isa = PBXFileReference; includeInIndex = 1; lastKnownFileType = text.xcconfig; name = "Pods-NotesTests.debug.xcconfig"; path = "Target Support Files/Pods-NotesTests/Pods-NotesTests.debug.xcconfig"; sourceTree = "<group>"; };
		F9F867B64C2C6736173018EE /* Pods-Notes.debug.xcconfig */ = {isa = PBXFileReference; includeInIndex = 1; lastKnownFileType = text.xcconfig; name = "Pods-Notes.debug.xcconfig"; path = "Target Support Files/Pods-Notes/Pods-Notes.debug.xcconfig"; sourceTree = "<group>"; };
/* End PBXFileReference section */

/* Begin PBXFrameworksBuildPhase section */
		9D98B1412989BB100038261B /* Frameworks */ = {
			isa = PBXFrameworksBuildPhase;
			buildActionMask = 2147483647;
			files = (
				F03E25026F0406CA31198FBD /* Pods_Notes.framework in Frameworks */,
			);
			runOnlyForDeploymentPostprocessing = 0;
		};
		9D98B15A2989BB120038261B /* Frameworks */ = {
			isa = PBXFrameworksBuildPhase;
			buildActionMask = 2147483647;
			files = (
				5A93229AD7383AA5C7113B34 /* Pods_NotesTests.framework in Frameworks */,
			);
			runOnlyForDeploymentPostprocessing = 0;
		};
		9D98B1642989BB120038261B /* Frameworks */ = {
			isa = PBXFrameworksBuildPhase;
			buildActionMask = 2147483647;
			files = (
				D9F3AEDC5CBA5178887FC59D /* Pods_Notes_NotesUITests.framework in Frameworks */,
			);
			runOnlyForDeploymentPostprocessing = 0;
		};
/* End PBXFrameworksBuildPhase section */

/* Begin PBXGroup section */
		01C20C09F5DC0D030626A1CE /* Frameworks */ = {
			isa = PBXGroup;
			children = (
				2EF24CC2B91706C0CE67C936 /* Pods_Notes.framework */,
				EA395DC8BB0D2938AE36E9F5 /* Pods_Notes_NotesUITests.framework */,
				303D1268F3A97A7EAEB4AA7E /* Pods_NotesTests.framework */,
			);
			name = Frameworks;
			sourceTree = "<group>";
		};
		9D98B13B2989BB100038261B = {
			isa = PBXGroup;
			children = (
				9D98B1462989BB100038261B /* Notes */,
				9D98B1602989BB120038261B /* NotesTests */,
				9D98B16A2989BB120038261B /* NotesUITests */,
				9D98B1452989BB100038261B /* Products */,
				C1D27C0653023F82A58ECDE3 /* Pods */,
				01C20C09F5DC0D030626A1CE /* Frameworks */,
			);
			sourceTree = "<group>";
		};
		9D98B1452989BB100038261B /* Products */ = {
			isa = PBXGroup;
			children = (
				9D98B1442989BB100038261B /* Notes.app */,
				9D98B15D2989BB120038261B /* NotesTests.xctest */,
				9D98B1672989BB120038261B /* NotesUITests.xctest */,
			);
			name = Products;
			sourceTree = "<group>";
		};
		9D98B1462989BB100038261B /* Notes */ = {
			isa = PBXGroup;
			children = (
				9DCA650A2991524D00930748 /* Routers */,
				9DCA650729914ABF00930748 /* Builders */,
				9DD719F1298A6B46004328C5 /* ViewModels */,
				9DD719F0298A6B40004328C5 /* Views */,
				9DD719EF298A6B2D004328C5 /* Models */,
				9D98B1472989BB100038261B /* AppDelegate.swift */,
				9D98B1492989BB100038261B /* SceneDelegate.swift */,
				9D98B14D2989BB100038261B /* Main.storyboard */,
				9D98B1532989BB120038261B /* Assets.xcassets */,
				9D98B1552989BB120038261B /* LaunchScreen.storyboard */,
				9D98B1582989BB120038261B /* Info.plist */,
				9DD719F5298A6D68004328C5 /* Extensions.swift */,
				9D9E9C48299268F1002740DB /* Note.xcdatamodeld */,
			);
			path = Notes;
			sourceTree = "<group>";
		};
		9D98B1602989BB120038261B /* NotesTests */ = {
			isa = PBXGroup;
			children = (
				9D98B1612989BB120038261B /* NotesTests.swift */,
			);
			path = NotesTests;
			sourceTree = "<group>";
		};
		9D98B16A2989BB120038261B /* NotesUITests */ = {
			isa = PBXGroup;
			children = (
				9D98B16B2989BB120038261B /* NotesUITests.swift */,
				9D98B16D2989BB120038261B /* NotesUITestsLaunchTests.swift */,
			);
			path = NotesUITests;
			sourceTree = "<group>";
		};
		9DCA65042991416500930748 /* Services */ = {
			isa = PBXGroup;
			children = (
				9DCA65052991417A00930748 /* ImageService.swift */,
				9DCA650D2992276C00930748 /* DataManager.swift */,
				9DCA650F299237EC00930748 /* NotesDataManager.swift */,
			);
			path = Services;
			sourceTree = "<group>";
		};
		9DCA650729914ABF00930748 /* Builders */ = {
			isa = PBXGroup;
			children = (
				9DCA650829914AEC00930748 /* MainPageBuilder.swift */,
			);
			path = Builders;
			sourceTree = "<group>";
		};
		9DCA650A2991524D00930748 /* Routers */ = {
			isa = PBXGroup;
			children = (
				9DCA650B2991525A00930748 /* MainPageRouter.swift */,
			);
			path = Routers;
			sourceTree = "<group>";
		};
		9DD719EF298A6B2D004328C5 /* Models */ = {
			isa = PBXGroup;
			children = (
				9DCA65042991416500930748 /* Services */,
				9DD719FD298AEB0F004328C5 /* NoteModel.swift */,
				9DD719FF298AFAC7004328C5 /* TextParameter.swift */,
			);
			path = Models;
			sourceTree = "<group>";
		};
		9DD719F0298A6B40004328C5 /* Views */ = {
			isa = PBXGroup;
			children = (
				9DD719F7298A6F00004328C5 /* Widgets */,
				9DD719F2298A6C16004328C5 /* Controllers */,
			);
			path = Views;
			sourceTree = "<group>";
		};
		9DD719F1298A6B46004328C5 /* ViewModels */ = {
			isa = PBXGroup;
			children = (
				9DD719FB298A9A76004328C5 /* NotesViewModel.swift */,
				9D9E9C4D299273E6002740DB /* DetailViewModel.swift */,
			);
			path = ViewModels;
			sourceTree = "<group>";
		};
		9DD719F2298A6C16004328C5 /* Controllers */ = {
			isa = PBXGroup;
			children = (
				9DD719F3298A6C2E004328C5 /* NotesViewController.swift */,
				9D9E9C4B299271F4002740DB /* DetailViewController.swift */,
				9D9E9C4F299276BE002740DB /* ImagePickerViewController.swift */,
			);
			path = Controllers;
			sourceTree = "<group>";
		};
		9DD719F7298A6F00004328C5 /* Widgets */ = {
			isa = PBXGroup;
			children = (
				9DD719F8298A6F05004328C5 /* Cells */,
			);
			path = Widgets;
			sourceTree = "<group>";
		};
		9DD719F8298A6F05004328C5 /* Cells */ = {
			isa = PBXGroup;
			children = (
				9DD719F9298A6F1A004328C5 /* NotesTableViewCell.swift */,
			);
			path = Cells;
			sourceTree = "<group>";
		};
		C1D27C0653023F82A58ECDE3 /* Pods */ = {
			isa = PBXGroup;
			children = (
				F9F867B64C2C6736173018EE /* Pods-Notes.debug.xcconfig */,
				288F5B82CA67A1F8CEF9E225 /* Pods-Notes.release.xcconfig */,
				A2CAA4E4078C6FB30BD24B52 /* Pods-Notes-NotesUITests.debug.xcconfig */,
				4A0B7AA62A553591CCCCFF08 /* Pods-Notes-NotesUITests.release.xcconfig */,
				F560891C6BDE969C1CF88F75 /* Pods-NotesTests.debug.xcconfig */,
				A07D44FA025518397BBBB4FE /* Pods-NotesTests.release.xcconfig */,
			);
			path = Pods;
			sourceTree = "<group>";
		};
/* End PBXGroup section */

/* Begin PBXNativeTarget section */
		9D98B1432989BB100038261B /* Notes */ = {
			isa = PBXNativeTarget;
			buildConfigurationList = 9D98B1712989BB120038261B /* Build configuration list for PBXNativeTarget "Notes" */;
			buildPhases = (
				99855519F4E420E7B79ABF3E /* [CP] Check Pods Manifest.lock */,
				9D98B1402989BB100038261B /* Sources */,
				9D98B1412989BB100038261B /* Frameworks */,
				9D98B1422989BB100038261B /* Resources */,
				7CE5CAF22D683DE15E01CDE7 /* [CP] Embed Pods Frameworks */,
			);
			buildRules = (
			);
			dependencies = (
			);
			name = Notes;
			productName = Notes;
			productReference = 9D98B1442989BB100038261B /* Notes.app */;
			productType = "com.apple.product-type.application";
		};
		9D98B15C2989BB120038261B /* NotesTests */ = {
			isa = PBXNativeTarget;
			buildConfigurationList = 9D98B1742989BB120038261B /* Build configuration list for PBXNativeTarget "NotesTests" */;
			buildPhases = (
				6965A0B38FBC1C2A6F5118A0 /* [CP] Check Pods Manifest.lock */,
				9D98B1592989BB120038261B /* Sources */,
				9D98B15A2989BB120038261B /* Frameworks */,
				9D98B15B2989BB120038261B /* Resources */,
			);
			buildRules = (
			);
			dependencies = (
				9D98B15F2989BB120038261B /* PBXTargetDependency */,
			);
			name = NotesTests;
			productName = NotesTests;
			productReference = 9D98B15D2989BB120038261B /* NotesTests.xctest */;
			productType = "com.apple.product-type.bundle.unit-test";
		};
		9D98B1662989BB120038261B /* NotesUITests */ = {
			isa = PBXNativeTarget;
			buildConfigurationList = 9D98B1772989BB120038261B /* Build configuration list for PBXNativeTarget "NotesUITests" */;
			buildPhases = (
				1775B20D60FFE7C14449F275 /* [CP] Check Pods Manifest.lock */,
				9D98B1632989BB120038261B /* Sources */,
				9D98B1642989BB120038261B /* Frameworks */,
				9D98B1652989BB120038261B /* Resources */,
				F689100CAB75480645DB0A5B /* [CP] Embed Pods Frameworks */,
			);
			buildRules = (
			);
			dependencies = (
				9D98B1692989BB120038261B /* PBXTargetDependency */,
			);
			name = NotesUITests;
			productName = NotesUITests;
			productReference = 9D98B1672989BB120038261B /* NotesUITests.xctest */;
			productType = "com.apple.product-type.bundle.ui-testing";
		};
/* End PBXNativeTarget section */

/* Begin PBXProject section */
		9D98B13C2989BB100038261B /* Project object */ = {
			isa = PBXProject;
			attributes = {
				BuildIndependentTargetsInParallel = 1;
				LastSwiftUpdateCheck = 1400;
				LastUpgradeCheck = 1400;
				TargetAttributes = {
					9D98B1432989BB100038261B = {
						CreatedOnToolsVersion = 14.0.1;
					};
					9D98B15C2989BB120038261B = {
						CreatedOnToolsVersion = 14.0.1;
						TestTargetID = 9D98B1432989BB100038261B;
					};
					9D98B1662989BB120038261B = {
						CreatedOnToolsVersion = 14.0.1;
						TestTargetID = 9D98B1432989BB100038261B;
					};
				};
			};
			buildConfigurationList = 9D98B13F2989BB100038261B /* Build configuration list for PBXProject "Notes" */;
			compatibilityVersion = "Xcode 14.0";
			developmentRegion = en;
			hasScannedForEncodings = 0;
			knownRegions = (
				en,
				Base,
			);
			mainGroup = 9D98B13B2989BB100038261B;
			productRefGroup = 9D98B1452989BB100038261B /* Products */;
			projectDirPath = "";
			projectRoot = "";
			targets = (
				9D98B1432989BB100038261B /* Notes */,
				9D98B15C2989BB120038261B /* NotesTests */,
				9D98B1662989BB120038261B /* NotesUITests */,
			);
		};
/* End PBXProject section */

/* Begin PBXResourcesBuildPhase section */
		9D98B1422989BB100038261B /* Resources */ = {
			isa = PBXResourcesBuildPhase;
			buildActionMask = 2147483647;
			files = (
				9D98B1572989BB120038261B /* LaunchScreen.storyboard in Resources */,
				9D98B1542989BB120038261B /* Assets.xcassets in Resources */,
				9D98B14F2989BB100038261B /* Main.storyboard in Resources */,
			);
			runOnlyForDeploymentPostprocessing = 0;
		};
		9D98B15B2989BB120038261B /* Resources */ = {
			isa = PBXResourcesBuildPhase;
			buildActionMask = 2147483647;
			files = (
			);
			runOnlyForDeploymentPostprocessing = 0;
		};
		9D98B1652989BB120038261B /* Resources */ = {
			isa = PBXResourcesBuildPhase;
			buildActionMask = 2147483647;
			files = (
			);
			runOnlyForDeploymentPostprocessing = 0;
		};
/* End PBXResourcesBuildPhase section */

/* Begin PBXShellScriptBuildPhase section */
		1775B20D60FFE7C14449F275 /* [CP] Check Pods Manifest.lock */ = {
			isa = PBXShellScriptBuildPhase;
			buildActionMask = 2147483647;
			files = (
			);
			inputFileListPaths = (
			);
			inputPaths = (
				"${PODS_PODFILE_DIR_PATH}/Podfile.lock",
				"${PODS_ROOT}/Manifest.lock",
			);
			name = "[CP] Check Pods Manifest.lock";
			outputFileListPaths = (
			);
			outputPaths = (
				"$(DERIVED_FILE_DIR)/Pods-Notes-NotesUITests-checkManifestLockResult.txt",
			);
			runOnlyForDeploymentPostprocessing = 0;
			shellPath = /bin/sh;
			shellScript = "diff \"${PODS_PODFILE_DIR_PATH}/Podfile.lock\" \"${PODS_ROOT}/Manifest.lock\" > /dev/null\nif [ $? != 0 ] ; then\n    # print error to STDERR\n    echo \"error: The sandbox is not in sync with the Podfile.lock. Run 'pod install' or update your CocoaPods installation.\" >&2\n    exit 1\nfi\n# This output is used by Xcode 'outputs' to avoid re-running this script phase.\necho \"SUCCESS\" > \"${SCRIPT_OUTPUT_FILE_0}\"\n";
			showEnvVarsInLog = 0;
		};
		6965A0B38FBC1C2A6F5118A0 /* [CP] Check Pods Manifest.lock */ = {
			isa = PBXShellScriptBuildPhase;
			buildActionMask = 2147483647;
			files = (
			);
			inputFileListPaths = (
			);
			inputPaths = (
				"${PODS_PODFILE_DIR_PATH}/Podfile.lock",
				"${PODS_ROOT}/Manifest.lock",
			);
			name = "[CP] Check Pods Manifest.lock";
			outputFileListPaths = (
			);
			outputPaths = (
				"$(DERIVED_FILE_DIR)/Pods-NotesTests-checkManifestLockResult.txt",
			);
			runOnlyForDeploymentPostprocessing = 0;
			shellPath = /bin/sh;
			shellScript = "diff \"${PODS_PODFILE_DIR_PATH}/Podfile.lock\" \"${PODS_ROOT}/Manifest.lock\" > /dev/null\nif [ $? != 0 ] ; then\n    # print error to STDERR\n    echo \"error: The sandbox is not in sync with the Podfile.lock. Run 'pod install' or update your CocoaPods installation.\" >&2\n    exit 1\nfi\n# This output is used by Xcode 'outputs' to avoid re-running this script phase.\necho \"SUCCESS\" > \"${SCRIPT_OUTPUT_FILE_0}\"\n";
			showEnvVarsInLog = 0;
		};
		7CE5CAF22D683DE15E01CDE7 /* [CP] Embed Pods Frameworks */ = {
			isa = PBXShellScriptBuildPhase;
			buildActionMask = 2147483647;
			files = (
			);
			inputFileListPaths = (
				"${PODS_ROOT}/Target Support Files/Pods-Notes/Pods-Notes-frameworks-${CONFIGURATION}-input-files.xcfilelist",
			);
			name = "[CP] Embed Pods Frameworks";
			outputFileListPaths = (
				"${PODS_ROOT}/Target Support Files/Pods-Notes/Pods-Notes-frameworks-${CONFIGURATION}-output-files.xcfilelist",
			);
			runOnlyForDeploymentPostprocessing = 0;
			shellPath = /bin/sh;
			shellScript = "\"${PODS_ROOT}/Target Support Files/Pods-Notes/Pods-Notes-frameworks.sh\"\n";
			showEnvVarsInLog = 0;
		};
		99855519F4E420E7B79ABF3E /* [CP] Check Pods Manifest.lock */ = {
			isa = PBXShellScriptBuildPhase;
			buildActionMask = 2147483647;
			files = (
			);
			inputFileListPaths = (
			);
			inputPaths = (
				"${PODS_PODFILE_DIR_PATH}/Podfile.lock",
				"${PODS_ROOT}/Manifest.lock",
			);
			name = "[CP] Check Pods Manifest.lock";
			outputFileListPaths = (
			);
			outputPaths = (
				"$(DERIVED_FILE_DIR)/Pods-Notes-checkManifestLockResult.txt",
			);
			runOnlyForDeploymentPostprocessing = 0;
			shellPath = /bin/sh;
			shellScript = "diff \"${PODS_PODFILE_DIR_PATH}/Podfile.lock\" \"${PODS_ROOT}/Manifest.lock\" > /dev/null\nif [ $? != 0 ] ; then\n    # print error to STDERR\n    echo \"error: The sandbox is not in sync with the Podfile.lock. Run 'pod install' or update your CocoaPods installation.\" >&2\n    exit 1\nfi\n# This output is used by Xcode 'outputs' to avoid re-running this script phase.\necho \"SUCCESS\" > \"${SCRIPT_OUTPUT_FILE_0}\"\n";
			showEnvVarsInLog = 0;
		};
		F689100CAB75480645DB0A5B /* [CP] Embed Pods Frameworks */ = {
			isa = PBXShellScriptBuildPhase;
			buildActionMask = 2147483647;
			files = (
			);
			inputFileListPaths = (
				"${PODS_ROOT}/Target Support Files/Pods-Notes-NotesUITests/Pods-Notes-NotesUITests-frameworks-${CONFIGURATION}-input-files.xcfilelist",
			);
			name = "[CP] Embed Pods Frameworks";
			outputFileListPaths = (
				"${PODS_ROOT}/Target Support Files/Pods-Notes-NotesUITests/Pods-Notes-NotesUITests-frameworks-${CONFIGURATION}-output-files.xcfilelist",
			);
			runOnlyForDeploymentPostprocessing = 0;
			shellPath = /bin/sh;
			shellScript = "\"${PODS_ROOT}/Target Support Files/Pods-Notes-NotesUITests/Pods-Notes-NotesUITests-frameworks.sh\"\n";
			showEnvVarsInLog = 0;
		};
/* End PBXShellScriptBuildPhase section */

/* Begin PBXSourcesBuildPhase section */
		9D98B1402989BB100038261B /* Sources */ = {
			isa = PBXSourcesBuildPhase;
			buildActionMask = 2147483647;
			files = (
				9DD719FE298AEB0F004328C5 /* NoteModel.swift in Sources */,
				9DD719F6298A6D68004328C5 /* Extensions.swift in Sources */,
				9DD719F4298A6C2E004328C5 /* NotesViewController.swift in Sources */,
				9D9E9C50299276BE002740DB /* ImagePickerViewController.swift in Sources */,
				9D98B1482989BB100038261B /* AppDelegate.swift in Sources */,
				9DCA650C2991525A00930748 /* MainPageRouter.swift in Sources */,
				9DCA6510299237EC00930748 /* NotesDataManager.swift in Sources */,
				9DD719FC298A9A76004328C5 /* NotesViewModel.swift in Sources */,
				9D98B14A2989BB100038261B /* SceneDelegate.swift in Sources */,
				9DD719FA298A6F1A004328C5 /* NotesTableViewCell.swift in Sources */,
				9DCA65062991417A00930748 /* ImageService.swift in Sources */,
				9DCA650929914AEC00930748 /* MainPageBuilder.swift in Sources */,
				9D9E9C4A299268F1002740DB /* Note.xcdatamodeld in Sources */,
				9D9E9C4C299271F4002740DB /* DetailViewController.swift in Sources */,
				9DD71A00298AFAC7004328C5 /* TextParameter.swift in Sources */,
				9DCA650E2992276C00930748 /* DataManager.swift in Sources */,
				9D9E9C4E299273E6002740DB /* DetailViewModel.swift in Sources */,
			);
			runOnlyForDeploymentPostprocessing = 0;
		};
		9D98B1592989BB120038261B /* Sources */ = {
			isa = PBXSourcesBuildPhase;
			buildActionMask = 2147483647;
			files = (
				9D98B1622989BB120038261B /* NotesTests.swift in Sources */,
			);
			runOnlyForDeploymentPostprocessing = 0;
		};
		9D98B1632989BB120038261B /* Sources */ = {
			isa = PBXSourcesBuildPhase;
			buildActionMask = 2147483647;
			files = (
				9D98B16E2989BB120038261B /* NotesUITestsLaunchTests.swift in Sources */,
				9D98B16C2989BB120038261B /* NotesUITests.swift in Sources */,
			);
			runOnlyForDeploymentPostprocessing = 0;
		};
/* End PBXSourcesBuildPhase section */

/* Begin PBXTargetDependency section */
		9D98B15F2989BB120038261B /* PBXTargetDependency */ = {
			isa = PBXTargetDependency;
			target = 9D98B1432989BB100038261B /* Notes */;
			targetProxy = 9D98B15E2989BB120038261B /* PBXContainerItemProxy */;
		};
		9D98B1692989BB120038261B /* PBXTargetDependency */ = {
			isa = PBXTargetDependency;
			target = 9D98B1432989BB100038261B /* Notes */;
			targetProxy = 9D98B1682989BB120038261B /* PBXContainerItemProxy */;
		};
/* End PBXTargetDependency section */

/* Begin PBXVariantGroup section */
		9D98B14D2989BB100038261B /* Main.storyboard */ = {
			isa = PBXVariantGroup;
			children = (
				9D98B14E2989BB100038261B /* Base */,
			);
			name = Main.storyboard;
			sourceTree = "<group>";
		};
		9D98B1552989BB120038261B /* LaunchScreen.storyboard */ = {
			isa = PBXVariantGroup;
			children = (
				9D98B1562989BB120038261B /* Base */,
			);
			name = LaunchScreen.storyboard;
			sourceTree = "<group>";
		};
/* End PBXVariantGroup section */

/* Begin XCBuildConfiguration section */
		9D98B16F2989BB120038261B /* Debug */ = {
			isa = XCBuildConfiguration;
			buildSettings = {
				ALWAYS_SEARCH_USER_PATHS = NO;
				CLANG_ANALYZER_NONNULL = YES;
				CLANG_ANALYZER_NUMBER_OBJECT_CONVERSION = YES_AGGRESSIVE;
				CLANG_CXX_LANGUAGE_STANDARD = "gnu++20";
				CLANG_ENABLE_MODULES = YES;
				CLANG_ENABLE_OBJC_ARC = YES;
				CLANG_ENABLE_OBJC_WEAK = YES;
				CLANG_WARN_BLOCK_CAPTURE_AUTORELEASING = YES;
				CLANG_WARN_BOOL_CONVERSION = YES;
				CLANG_WARN_COMMA = YES;
				CLANG_WARN_CONSTANT_CONVERSION = YES;
				CLANG_WARN_DEPRECATED_OBJC_IMPLEMENTATIONS = YES;
				CLANG_WARN_DIRECT_OBJC_ISA_USAGE = YES_ERROR;
				CLANG_WARN_DOCUMENTATION_COMMENTS = YES;
				CLANG_WARN_EMPTY_BODY = YES;
				CLANG_WARN_ENUM_CONVERSION = YES;
				CLANG_WARN_INFINITE_RECURSION = YES;
				CLANG_WARN_INT_CONVERSION = YES;
				CLANG_WARN_NON_LITERAL_NULL_CONVERSION = YES;
				CLANG_WARN_OBJC_IMPLICIT_RETAIN_SELF = YES;
				CLANG_WARN_OBJC_LITERAL_CONVERSION = YES;
				CLANG_WARN_OBJC_ROOT_CLASS = YES_ERROR;
				CLANG_WARN_QUOTED_INCLUDE_IN_FRAMEWORK_HEADER = YES;
				CLANG_WARN_RANGE_LOOP_ANALYSIS = YES;
				CLANG_WARN_STRICT_PROTOTYPES = YES;
				CLANG_WARN_SUSPICIOUS_MOVE = YES;
				CLANG_WARN_UNGUARDED_AVAILABILITY = YES_AGGRESSIVE;
				CLANG_WARN_UNREACHABLE_CODE = YES;
				CLANG_WARN__DUPLICATE_METHOD_MATCH = YES;
				COPY_PHASE_STRIP = NO;
				DEBUG_INFORMATION_FORMAT = dwarf;
				ENABLE_STRICT_OBJC_MSGSEND = YES;
				ENABLE_TESTABILITY = YES;
				GCC_C_LANGUAGE_STANDARD = gnu11;
				GCC_DYNAMIC_NO_PIC = NO;
				GCC_NO_COMMON_BLOCKS = YES;
				GCC_OPTIMIZATION_LEVEL = 0;
				GCC_PREPROCESSOR_DEFINITIONS = (
					"DEBUG=1",
					"$(inherited)",
				);
				GCC_WARN_64_TO_32_BIT_CONVERSION = YES;
				GCC_WARN_ABOUT_RETURN_TYPE = YES_ERROR;
				GCC_WARN_UNDECLARED_SELECTOR = YES;
				GCC_WARN_UNINITIALIZED_AUTOS = YES_AGGRESSIVE;
				GCC_WARN_UNUSED_FUNCTION = YES;
				GCC_WARN_UNUSED_VARIABLE = YES;
				IPHONEOS_DEPLOYMENT_TARGET = 16.0;
				MTL_ENABLE_DEBUG_INFO = INCLUDE_SOURCE;
				MTL_FAST_MATH = YES;
				ONLY_ACTIVE_ARCH = YES;
				SDKROOT = iphoneos;
				SWIFT_ACTIVE_COMPILATION_CONDITIONS = DEBUG;
				SWIFT_OPTIMIZATION_LEVEL = "-Onone";
			};
			name = Debug;
		};
		9D98B1702989BB120038261B /* Release */ = {
			isa = XCBuildConfiguration;
			buildSettings = {
				ALWAYS_SEARCH_USER_PATHS = NO;
				CLANG_ANALYZER_NONNULL = YES;
				CLANG_ANALYZER_NUMBER_OBJECT_CONVERSION = YES_AGGRESSIVE;
				CLANG_CXX_LANGUAGE_STANDARD = "gnu++20";
				CLANG_ENABLE_MODULES = YES;
				CLANG_ENABLE_OBJC_ARC = YES;
				CLANG_ENABLE_OBJC_WEAK = YES;
				CLANG_WARN_BLOCK_CAPTURE_AUTORELEASING = YES;
				CLANG_WARN_BOOL_CONVERSION = YES;
				CLANG_WARN_COMMA = YES;
				CLANG_WARN_CONSTANT_CONVERSION = YES;
				CLANG_WARN_DEPRECATED_OBJC_IMPLEMENTATIONS = YES;
				CLANG_WARN_DIRECT_OBJC_ISA_USAGE = YES_ERROR;
				CLANG_WARN_DOCUMENTATION_COMMENTS = YES;
				CLANG_WARN_EMPTY_BODY = YES;
				CLANG_WARN_ENUM_CONVERSION = YES;
				CLANG_WARN_INFINITE_RECURSION = YES;
				CLANG_WARN_INT_CONVERSION = YES;
				CLANG_WARN_NON_LITERAL_NULL_CONVERSION = YES;
				CLANG_WARN_OBJC_IMPLICIT_RETAIN_SELF = YES;
				CLANG_WARN_OBJC_LITERAL_CONVERSION = YES;
				CLANG_WARN_OBJC_ROOT_CLASS = YES_ERROR;
				CLANG_WARN_QUOTED_INCLUDE_IN_FRAMEWORK_HEADER = YES;
				CLANG_WARN_RANGE_LOOP_ANALYSIS = YES;
				CLANG_WARN_STRICT_PROTOTYPES = YES;
				CLANG_WARN_SUSPICIOUS_MOVE = YES;
				CLANG_WARN_UNGUARDED_AVAILABILITY = YES_AGGRESSIVE;
				CLANG_WARN_UNREACHABLE_CODE = YES;
				CLANG_WARN__DUPLICATE_METHOD_MATCH = YES;
				COPY_PHASE_STRIP = NO;
				DEBUG_INFORMATION_FORMAT = "dwarf-with-dsym";
				ENABLE_NS_ASSERTIONS = NO;
				ENABLE_STRICT_OBJC_MSGSEND = YES;
				GCC_C_LANGUAGE_STANDARD = gnu11;
				GCC_NO_COMMON_BLOCKS = YES;
				GCC_WARN_64_TO_32_BIT_CONVERSION = YES;
				GCC_WARN_ABOUT_RETURN_TYPE = YES_ERROR;
				GCC_WARN_UNDECLARED_SELECTOR = YES;
				GCC_WARN_UNINITIALIZED_AUTOS = YES_AGGRESSIVE;
				GCC_WARN_UNUSED_FUNCTION = YES;
				GCC_WARN_UNUSED_VARIABLE = YES;
				IPHONEOS_DEPLOYMENT_TARGET = 16.0;
				MTL_ENABLE_DEBUG_INFO = NO;
				MTL_FAST_MATH = YES;
				SDKROOT = iphoneos;
				SWIFT_COMPILATION_MODE = wholemodule;
				SWIFT_OPTIMIZATION_LEVEL = "-O";
				VALIDATE_PRODUCT = YES;
			};
			name = Release;
		};
		9D98B1722989BB120038261B /* Debug */ = {
			isa = XCBuildConfiguration;
			baseConfigurationReference = F9F867B64C2C6736173018EE /* Pods-Notes.debug.xcconfig */;
			buildSettings = {
				ASSETCATALOG_COMPILER_APPICON_NAME = AppIcon;
				ASSETCATALOG_COMPILER_GLOBAL_ACCENT_COLOR_NAME = AccentColor;
				CODE_SIGN_STYLE = Automatic;
				CURRENT_PROJECT_VERSION = 1;
				DEVELOPMENT_TEAM = 9L9U8R4659;
				GENERATE_INFOPLIST_FILE = YES;
				INFOPLIST_FILE = Notes/Info.plist;
				INFOPLIST_KEY_UIApplicationSupportsIndirectInputEvents = YES;
				INFOPLIST_KEY_UILaunchStoryboardName = LaunchScreen;
				INFOPLIST_KEY_UIMainStoryboardFile = Main;
				INFOPLIST_KEY_UISupportedInterfaceOrientations_iPad = "UIInterfaceOrientationPortrait UIInterfaceOrientationPortraitUpsideDown UIInterfaceOrientationLandscapeLeft UIInterfaceOrientationLandscapeRight";
				INFOPLIST_KEY_UISupportedInterfaceOrientations_iPhone = "UIInterfaceOrientationPortrait UIInterfaceOrientationLandscapeLeft UIInterfaceOrientationLandscapeRight";
				LD_RUNPATH_SEARCH_PATHS = (
					"$(inherited)",
					"@executable_path/Frameworks",
				);
				MARKETING_VERSION = 1.0;
				PRODUCT_BUNDLE_IDENTIFIER = "-.Notes";
				PRODUCT_NAME = "$(TARGET_NAME)";
				SWIFT_EMIT_LOC_STRINGS = YES;
				SWIFT_VERSION = 5.0;
				TARGETED_DEVICE_FAMILY = "1,2";
			};
			name = Debug;
		};
		9D98B1732989BB120038261B /* Release */ = {
			isa = XCBuildConfiguration;
			baseConfigurationReference = 288F5B82CA67A1F8CEF9E225 /* Pods-Notes.release.xcconfig */;
			buildSettings = {
				ASSETCATALOG_COMPILER_APPICON_NAME = AppIcon;
				ASSETCATALOG_COMPILER_GLOBAL_ACCENT_COLOR_NAME = AccentColor;
				CODE_SIGN_STYLE = Automatic;
				CURRENT_PROJECT_VERSION = 1;
				DEVELOPMENT_TEAM = 9L9U8R4659;
				GENERATE_INFOPLIST_FILE = YES;
				INFOPLIST_FILE = Notes/Info.plist;
				INFOPLIST_KEY_UIApplicationSupportsIndirectInputEvents = YES;
				INFOPLIST_KEY_UILaunchStoryboardName = LaunchScreen;
				INFOPLIST_KEY_UIMainStoryboardFile = Main;
				INFOPLIST_KEY_UISupportedInterfaceOrientations_iPad = "UIInterfaceOrientationPortrait UIInterfaceOrientationPortraitUpsideDown UIInterfaceOrientationLandscapeLeft UIInterfaceOrientationLandscapeRight";
				INFOPLIST_KEY_UISupportedInterfaceOrientations_iPhone = "UIInterfaceOrientationPortrait UIInterfaceOrientationLandscapeLeft UIInterfaceOrientationLandscapeRight";
				LD_RUNPATH_SEARCH_PATHS = (
					"$(inherited)",
					"@executable_path/Frameworks",
				);
				MARKETING_VERSION = 1.0;
				PRODUCT_BUNDLE_IDENTIFIER = "-.Notes";
				PRODUCT_NAME = "$(TARGET_NAME)";
				SWIFT_EMIT_LOC_STRINGS = YES;
				SWIFT_VERSION = 5.0;
				TARGETED_DEVICE_FAMILY = "1,2";
			};
			name = Release;
		};
		9D98B1752989BB120038261B /* Debug */ = {
			isa = XCBuildConfiguration;
			baseConfigurationReference = F560891C6BDE969C1CF88F75 /* Pods-NotesTests.debug.xcconfig */;
			buildSettings = {
				ALWAYS_EMBED_SWIFT_STANDARD_LIBRARIES = YES;
				BUNDLE_LOADER = "$(TEST_HOST)";
				CODE_SIGN_STYLE = Automatic;
				CURRENT_PROJECT_VERSION = 1;
				DEVELOPMENT_TEAM = 9L9U8R4659;
				GENERATE_INFOPLIST_FILE = YES;
				IPHONEOS_DEPLOYMENT_TARGET = 16.0;
				MARKETING_VERSION = 1.0;
				PRODUCT_BUNDLE_IDENTIFIER = "-.NotesTests";
				PRODUCT_NAME = "$(TARGET_NAME)";
				SWIFT_EMIT_LOC_STRINGS = NO;
				SWIFT_VERSION = 5.0;
				TARGETED_DEVICE_FAMILY = "1,2";
				TEST_HOST = "$(BUILT_PRODUCTS_DIR)/Notes.app/$(BUNDLE_EXECUTABLE_FOLDER_PATH)/Notes";
			};
			name = Debug;
		};
		9D98B1762989BB120038261B /* Release */ = {
			isa = XCBuildConfiguration;
			baseConfigurationReference = A07D44FA025518397BBBB4FE /* Pods-NotesTests.release.xcconfig */;
			buildSettings = {
				ALWAYS_EMBED_SWIFT_STANDARD_LIBRARIES = YES;
				BUNDLE_LOADER = "$(TEST_HOST)";
				CODE_SIGN_STYLE = Automatic;
				CURRENT_PROJECT_VERSION = 1;
				DEVELOPMENT_TEAM = 9L9U8R4659;
				GENERATE_INFOPLIST_FILE = YES;
				IPHONEOS_DEPLOYMENT_TARGET = 16.0;
				MARKETING_VERSION = 1.0;
				PRODUCT_BUNDLE_IDENTIFIER = "-.NotesTests";
				PRODUCT_NAME = "$(TARGET_NAME)";
				SWIFT_EMIT_LOC_STRINGS = NO;
				SWIFT_VERSION = 5.0;
				TARGETED_DEVICE_FAMILY = "1,2";
				TEST_HOST = "$(BUILT_PRODUCTS_DIR)/Notes.app/$(BUNDLE_EXECUTABLE_FOLDER_PATH)/Notes";
			};
			name = Release;
		};
		9D98B1782989BB120038261B /* Debug */ = {
			isa = XCBuildConfiguration;
			baseConfigurationReference = A2CAA4E4078C6FB30BD24B52 /* Pods-Notes-NotesUITests.debug.xcconfig */;
			buildSettings = {
				ALWAYS_EMBED_SWIFT_STANDARD_LIBRARIES = YES;
				CODE_SIGN_STYLE = Automatic;
				CURRENT_PROJECT_VERSION = 1;
				DEVELOPMENT_TEAM = 9L9U8R4659;
				GENERATE_INFOPLIST_FILE = YES;
				MARKETING_VERSION = 1.0;
				PRODUCT_BUNDLE_IDENTIFIER = "-.NotesUITests";
				PRODUCT_NAME = "$(TARGET_NAME)";
				SWIFT_EMIT_LOC_STRINGS = NO;
				SWIFT_VERSION = 5.0;
				TARGETED_DEVICE_FAMILY = "1,2";
				TEST_TARGET_NAME = Notes;
			};
			name = Debug;
		};
		9D98B1792989BB120038261B /* Release */ = {
			isa = XCBuildConfiguration;
			baseConfigurationReference = 4A0B7AA62A553591CCCCFF08 /* Pods-Notes-NotesUITests.release.xcconfig */;
			buildSettings = {
				ALWAYS_EMBED_SWIFT_STANDARD_LIBRARIES = YES;
				CODE_SIGN_STYLE = Automatic;
				CURRENT_PROJECT_VERSION = 1;
				DEVELOPMENT_TEAM = 9L9U8R4659;
				GENERATE_INFOPLIST_FILE = YES;
				MARKETING_VERSION = 1.0;
				PRODUCT_BUNDLE_IDENTIFIER = "-.NotesUITests";
				PRODUCT_NAME = "$(TARGET_NAME)";
				SWIFT_EMIT_LOC_STRINGS = NO;
				SWIFT_VERSION = 5.0;
				TARGETED_DEVICE_FAMILY = "1,2";
				TEST_TARGET_NAME = Notes;
			};
			name = Release;
		};
/* End XCBuildConfiguration section */

/* Begin XCConfigurationList section */
		9D98B13F2989BB100038261B /* Build configuration list for PBXProject "Notes" */ = {
			isa = XCConfigurationList;
			buildConfigurations = (
				9D98B16F2989BB120038261B /* Debug */,
				9D98B1702989BB120038261B /* Release */,
			);
			defaultConfigurationIsVisible = 0;
			defaultConfigurationName = Release;
		};
		9D98B1712989BB120038261B /* Build configuration list for PBXNativeTarget "Notes" */ = {
			isa = XCConfigurationList;
			buildConfigurations = (
				9D98B1722989BB120038261B /* Debug */,
				9D98B1732989BB120038261B /* Release */,
			);
			defaultConfigurationIsVisible = 0;
			defaultConfigurationName = Release;
		};
		9D98B1742989BB120038261B /* Build configuration list for PBXNativeTarget "NotesTests" */ = {
			isa = XCConfigurationList;
			buildConfigurations = (
				9D98B1752989BB120038261B /* Debug */,
				9D98B1762989BB120038261B /* Release */,
			);
			defaultConfigurationIsVisible = 0;
			defaultConfigurationName = Release;
		};
		9D98B1772989BB120038261B /* Build configuration list for PBXNativeTarget "NotesUITests" */ = {
			isa = XCConfigurationList;
			buildConfigurations = (
				9D98B1782989BB120038261B /* Debug */,
				9D98B1792989BB120038261B /* Release */,
			);
			defaultConfigurationIsVisible = 0;
			defaultConfigurationName = Release;
		};
/* End XCConfigurationList section */

/* Begin XCVersionGroup section */
		9D9E9C48299268F1002740DB /* Note.xcdatamodeld */ = {
			isa = XCVersionGroup;
			children = (
				9D9E9C49299268F1002740DB /* Note.xcdatamodel */,
			);
			currentVersion = 9D9E9C49299268F1002740DB /* Note.xcdatamodel */;
			path = Note.xcdatamodeld;
			sourceTree = "<group>";
			versionGroupType = wrapper.xcdatamodel;
		};
/* End XCVersionGroup section */
	};
	rootObject = 9D98B13C2989BB100038261B /* Project object */;
}
